
Microsoft Visual Studio Solution File, Format Version 12.00
# Visual Studio Version 17
VisualStudioVersion = 17.11.35312.102
MinimumVisualStudioVersion = 10.0.40219.1
Project("{FAE04EC0-301F-11D3-BF4B-00C04F79EFBC}") = "Choc-O-Holic(Singleton)", "Choc-O-Holic(Singleton).csproj", "{CCE4338B-B90F-4657-A9B9-AA909F2BE8FA}"
EndProject
Global
	GlobalSection(SolutionConfigurationPlatforms) = preSolution
		Debug|Any CPU = Debug|Any CPU
		Release|Any CPU = Release|Any CPU
	EndGlobalSection
	GlobalSection(ProjectConfigurationPlatforms) = postSolution
		{CCE4338B-B90F-4657-A9B9-AA909F2BE8FA}.Debug|Any CPU.ActiveCfg = Debug|Any CPU
		{CCE4338B-B90F-4657-A9B9-AA909F2BE8FA}.Debug|Any CPU.Build.0 = Debug|Any CPU
		{CCE4338B-B90F-4657-A9B9-AA909F2BE8FA}.Release|Any CPU.ActiveCfg = Release|Any CPU
		{CCE4338B-B90F-4657-A9B9-AA909F2BE8FA}.Release|Any CPU.Build.0 = Release|Any CPU
	EndGlobalSection
	GlobalSection(SolutionProperties) = preSolution
		HideSolutionNode = FALSE
	EndGlobalSection
	GlobalSection(ExtensibilityGlobals) = postSolution
		SolutionGuid = {C8C5C08F-9FF5-42F9-A53E-898B5589307F}
	EndGlobalSection
EndGlobal
